// !$*UTF8*$!
{
	archiveVersion = 1;
	classes = {
	};
	objectVersion = 50;
	objects = {

/* Begin PBXBuildFile section */
		035B598822ECEB7D006112EF /* Task.swift in Sources */ = {isa = PBXBuildFile; fileRef = 035B598722ECEB7D006112EF /* Task.swift */; };
		03C2DBD722DB3A8E00C357DE /* AppDelegate.swift in Sources */ = {isa = PBXBuildFile; fileRef = 03C2DBD622DB3A8E00C357DE /* AppDelegate.swift */; };
		03C2DBD922DB3A8E00C357DE /* SceneDelegate.swift in Sources */ = {isa = PBXBuildFile; fileRef = 03C2DBD822DB3A8E00C357DE /* SceneDelegate.swift */; };
		03C2DBDB22DB3A8E00C357DE /* ContentView.swift in Sources */ = {isa = PBXBuildFile; fileRef = 03C2DBDA22DB3A8E00C357DE /* ContentView.swift */; };
		03C2DBDD22DB3A9000C357DE /* Assets.xcassets in Resources */ = {isa = PBXBuildFile; fileRef = 03C2DBDC22DB3A9000C357DE /* Assets.xcassets */; };
		03C2DBE022DB3A9000C357DE /* Preview Assets.xcassets in Resources */ = {isa = PBXBuildFile; fileRef = 03C2DBDF22DB3A9000C357DE /* Preview Assets.xcassets */; };
		03C2DBE322DB3A9000C357DE /* LaunchScreen.storyboard in Resources */ = {isa = PBXBuildFile; fileRef = 03C2DBE122DB3A9000C357DE /* LaunchScreen.storyboard */; };
		03C2DBEE22DB3A9000C357DE /* blunderlistTests.swift in Sources */ = {isa = PBXBuildFile; fileRef = 03C2DBED22DB3A9000C357DE /* blunderlistTests.swift */; };
		03C2DBF922DB3A9000C357DE /* blunderlistUITests.swift in Sources */ = {isa = PBXBuildFile; fileRef = 03C2DBF822DB3A9000C357DE /* blunderlistUITests.swift */; };
		03F0DF4822ECEE28005F0297 /* TaskRow.swift in Sources */ = {isa = PBXBuildFile; fileRef = 03F0DF4722ECEE28005F0297 /* TaskRow.swift */; };
		03F0DF4A22ECF06D005F0297 /* TaskDetail.swift in Sources */ = {isa = PBXBuildFile; fileRef = 03F0DF4922ECF06D005F0297 /* TaskDetail.swift */; };
		03F0DF4C22EDA54A005F0297 /* TaskList.swift in Sources */ = {isa = PBXBuildFile; fileRef = 03F0DF4B22EDA54A005F0297 /* TaskList.swift */; };
		03F0DF4E22EDB406005F0297 /* Comment.swift in Sources */ = {isa = PBXBuildFile; fileRef = 03F0DF4D22EDB406005F0297 /* Comment.swift */; };
		03F0DF5122EDED67005F0297 /* Client.swift in Sources */ = {isa = PBXBuildFile; fileRef = 03F0DF5022EDED67005F0297 /* Client.swift */; };
		03F0DF5322EDED9A005F0297 /* Transport.swift in Sources */ = {isa = PBXBuildFile; fileRef = 03F0DF5222EDED9A005F0297 /* Transport.swift */; };
		03F0DF5522EDEE05005F0297 /* Serializer.swift in Sources */ = {isa = PBXBuildFile; fileRef = 03F0DF5422EDEE05005F0297 /* Serializer.swift */; };
		03F0DF5722EDEE9E005F0297 /* BlunderlistGateway.swift in Sources */ = {isa = PBXBuildFile; fileRef = 03F0DF5622EDEE9E005F0297 /* BlunderlistGateway.swift */; };
		03F0DF5922EDF454005F0297 /* tasksTests.swift in Sources */ = {isa = PBXBuildFile; fileRef = 03F0DF5822EDF454005F0297 /* tasksTests.swift */; };
/* End PBXBuildFile section */

/* Begin PBXContainerItemProxy section */
		03C2DBEA22DB3A9000C357DE /* PBXContainerItemProxy */ = {
			isa = PBXContainerItemProxy;
			containerPortal = 03C2DBCB22DB3A8E00C357DE /* Project object */;
			proxyType = 1;
			remoteGlobalIDString = 03C2DBD222DB3A8E00C357DE;
			remoteInfo = blunderlist;
		};
		03C2DBF522DB3A9000C357DE /* PBXContainerItemProxy */ = {
			isa = PBXContainerItemProxy;
			containerPortal = 03C2DBCB22DB3A8E00C357DE /* Project object */;
			proxyType = 1;
			remoteGlobalIDString = 03C2DBD222DB3A8E00C357DE;
			remoteInfo = blunderlist;
		};
/* End PBXContainerItemProxy section */

/* Begin PBXFileReference section */
		035B598722ECEB7D006112EF /* Task.swift */ = {isa = PBXFileReference; lastKnownFileType = sourcecode.swift; path = Task.swift; sourceTree = "<group>"; };
		03C2DBD322DB3A8E00C357DE /* blunderlist.app */ = {isa = PBXFileReference; explicitFileType = wrapper.application; includeInIndex = 0; path = blunderlist.app; sourceTree = BUILT_PRODUCTS_DIR; };
		03C2DBD622DB3A8E00C357DE /* AppDelegate.swift */ = {isa = PBXFileReference; lastKnownFileType = sourcecode.swift; path = AppDelegate.swift; sourceTree = "<group>"; };
		03C2DBD822DB3A8E00C357DE /* SceneDelegate.swift */ = {isa = PBXFileReference; lastKnownFileType = sourcecode.swift; path = SceneDelegate.swift; sourceTree = "<group>"; };
		03C2DBDA22DB3A8E00C357DE /* ContentView.swift */ = {isa = PBXFileReference; lastKnownFileType = sourcecode.swift; path = ContentView.swift; sourceTree = "<group>"; };
		03C2DBDC22DB3A9000C357DE /* Assets.xcassets */ = {isa = PBXFileReference; lastKnownFileType = folder.assetcatalog; path = Assets.xcassets; sourceTree = "<group>"; };
		03C2DBDF22DB3A9000C357DE /* Preview Assets.xcassets */ = {isa = PBXFileReference; lastKnownFileType = folder.assetcatalog; path = "Preview Assets.xcassets"; sourceTree = "<group>"; };
		03C2DBE222DB3A9000C357DE /* Base */ = {isa = PBXFileReference; lastKnownFileType = file.storyboard; name = Base; path = Base.lproj/LaunchScreen.storyboard; sourceTree = "<group>"; };
		03C2DBE422DB3A9000C357DE /* Info.plist */ = {isa = PBXFileReference; lastKnownFileType = text.plist.xml; path = Info.plist; sourceTree = "<group>"; };
		03C2DBE922DB3A9000C357DE /* blunderlistTests.xctest */ = {isa = PBXFileReference; explicitFileType = wrapper.cfbundle; includeInIndex = 0; path = blunderlistTests.xctest; sourceTree = BUILT_PRODUCTS_DIR; };
		03C2DBED22DB3A9000C357DE /* blunderlistTests.swift */ = {isa = PBXFileReference; lastKnownFileType = sourcecode.swift; path = blunderlistTests.swift; sourceTree = "<group>"; };
		03C2DBEF22DB3A9000C357DE /* Info.plist */ = {isa = PBXFileReference; lastKnownFileType = text.plist.xml; path = Info.plist; sourceTree = "<group>"; };
		03C2DBF422DB3A9000C357DE /* blunderlistUITests.xctest */ = {isa = PBXFileReference; explicitFileType = wrapper.cfbundle; includeInIndex = 0; path = blunderlistUITests.xctest; sourceTree = BUILT_PRODUCTS_DIR; };
		03C2DBF822DB3A9000C357DE /* blunderlistUITests.swift */ = {isa = PBXFileReference; lastKnownFileType = sourcecode.swift; path = blunderlistUITests.swift; sourceTree = "<group>"; };
		03C2DBFA22DB3A9000C357DE /* Info.plist */ = {isa = PBXFileReference; lastKnownFileType = text.plist.xml; path = Info.plist; sourceTree = "<group>"; };
		03F0DF4722ECEE28005F0297 /* TaskRow.swift */ = {isa = PBXFileReference; lastKnownFileType = sourcecode.swift; path = TaskRow.swift; sourceTree = "<group>"; };
		03F0DF4922ECF06D005F0297 /* TaskDetail.swift */ = {isa = PBXFileReference; lastKnownFileType = sourcecode.swift; path = TaskDetail.swift; sourceTree = "<group>"; };
		03F0DF4B22EDA54A005F0297 /* TaskList.swift */ = {isa = PBXFileReference; lastKnownFileType = sourcecode.swift; path = TaskList.swift; sourceTree = "<group>"; };
		03F0DF4D22EDB406005F0297 /* Comment.swift */ = {isa = PBXFileReference; lastKnownFileType = sourcecode.swift; path = Comment.swift; sourceTree = "<group>"; };
		03F0DF5022EDED67005F0297 /* Client.swift */ = {isa = PBXFileReference; lastKnownFileType = sourcecode.swift; path = Client.swift; sourceTree = "<group>"; };
		03F0DF5222EDED9A005F0297 /* Transport.swift */ = {isa = PBXFileReference; lastKnownFileType = sourcecode.swift; path = Transport.swift; sourceTree = "<group>"; };
		03F0DF5422EDEE05005F0297 /* Serializer.swift */ = {isa = PBXFileReference; lastKnownFileType = sourcecode.swift; path = Serializer.swift; sourceTree = "<group>"; };
		03F0DF5622EDEE9E005F0297 /* BlunderlistGateway.swift */ = {isa = PBXFileReference; lastKnownFileType = sourcecode.swift; path = BlunderlistGateway.swift; sourceTree = "<group>"; };
		03F0DF5822EDF454005F0297 /* tasksTests.swift */ = {isa = PBXFileReference; lastKnownFileType = sourcecode.swift; path = tasksTests.swift; sourceTree = "<group>"; };
/* End PBXFileReference section */

/* Begin PBXFrameworksBuildPhase section */
		03C2DBD022DB3A8E00C357DE /* Frameworks */ = {
			isa = PBXFrameworksBuildPhase;
			buildActionMask = 2147483647;
			files = (
			);
			runOnlyForDeploymentPostprocessing = 0;
		};
		03C2DBE622DB3A9000C357DE /* Frameworks */ = {
			isa = PBXFrameworksBuildPhase;
			buildActionMask = 2147483647;
			files = (
			);
			runOnlyForDeploymentPostprocessing = 0;
		};
		03C2DBF122DB3A9000C357DE /* Frameworks */ = {
			isa = PBXFrameworksBuildPhase;
			buildActionMask = 2147483647;
			files = (
			);
			runOnlyForDeploymentPostprocessing = 0;
		};
/* End PBXFrameworksBuildPhase section */

/* Begin PBXGroup section */
		03C2DBCA22DB3A8E00C357DE = {
			isa = PBXGroup;
			children = (
				03C2DBD522DB3A8E00C357DE /* blunderlist */,
				03C2DBEC22DB3A9000C357DE /* blunderlistTests */,
				03C2DBF722DB3A9000C357DE /* blunderlistUITests */,
				03C2DBD422DB3A8E00C357DE /* Products */,
			);
			sourceTree = "<group>";
		};
		03C2DBD422DB3A8E00C357DE /* Products */ = {
			isa = PBXGroup;
			children = (
				03C2DBD322DB3A8E00C357DE /* blunderlist.app */,
				03C2DBE922DB3A9000C357DE /* blunderlistTests.xctest */,
				03C2DBF422DB3A9000C357DE /* blunderlistUITests.xctest */,
			);
			name = Products;
			sourceTree = "<group>";
		};
		03C2DBD522DB3A8E00C357DE /* blunderlist */ = {
			isa = PBXGroup;
			children = (
				03C2DBD622DB3A8E00C357DE /* AppDelegate.swift */,
				03C2DBD822DB3A8E00C357DE /* SceneDelegate.swift */,
				03C2DBDA22DB3A8E00C357DE /* ContentView.swift */,
				03F0DF4B22EDA54A005F0297 /* TaskList.swift */,
				03F0DF4722ECEE28005F0297 /* TaskRow.swift */,
				03F0DF4922ECF06D005F0297 /* TaskDetail.swift */,
				035B598722ECEB7D006112EF /* Task.swift */,
				03F0DF4D22EDB406005F0297 /* Comment.swift */,
				03F0DF5622EDEE9E005F0297 /* BlunderlistGateway.swift */,
				03C2DBDC22DB3A9000C357DE /* Assets.xcassets */,
				03C2DBE122DB3A9000C357DE /* LaunchScreen.storyboard */,
				03C2DBE422DB3A9000C357DE /* Info.plist */,
				03C2DBDE22DB3A9000C357DE /* Preview Content */,
				03F0DF5022EDED67005F0297 /* Client.swift */,
				03F0DF5222EDED9A005F0297 /* Transport.swift */,
				03F0DF5422EDEE05005F0297 /* Serializer.swift */,
			);
			path = blunderlist;
			sourceTree = "<group>";
		};
		03C2DBDE22DB3A9000C357DE /* Preview Content */ = {
			isa = PBXGroup;
			children = (
				03C2DBDF22DB3A9000C357DE /* Preview Assets.xcassets */,
			);
			path = "Preview Content";
			sourceTree = "<group>";
		};
		03C2DBEC22DB3A9000C357DE /* blunderlistTests */ = {
			isa = PBXGroup;
			children = (
				03C2DBED22DB3A9000C357DE /* blunderlistTests.swift */,
				03F0DF5A22EDF457005F0297 /* pact */,
				03C2DBEF22DB3A9000C357DE /* Info.plist */,
			);
			path = blunderlistTests;
			sourceTree = "<group>";
		};
		03C2DBF722DB3A9000C357DE /* blunderlistUITests */ = {
			isa = PBXGroup;
			children = (
				03C2DBF822DB3A9000C357DE /* blunderlistUITests.swift */,
				03C2DBFA22DB3A9000C357DE /* Info.plist */,
			);
			path = blunderlistUITests;
			sourceTree = "<group>";
		};
		03F0DF5A22EDF457005F0297 /* pact */ = {
			isa = PBXGroup;
			children = (
				03F0DF5822EDF454005F0297 /* tasksTests.swift */,
			);
			path = pact;
			sourceTree = "<group>";
		};
/* End PBXGroup section */

/* Begin PBXNativeTarget section */
		03C2DBD222DB3A8E00C357DE /* blunderlist */ = {
			isa = PBXNativeTarget;
			buildConfigurationList = 03C2DBFD22DB3A9000C357DE /* Build configuration list for PBXNativeTarget "blunderlist" */;
			buildPhases = (
				03C2DBCF22DB3A8E00C357DE /* Sources */,
				03C2DBD022DB3A8E00C357DE /* Frameworks */,
				03C2DBD122DB3A8E00C357DE /* Resources */,
			);
			buildRules = (
			);
			dependencies = (
			);
			name = blunderlist;
			productName = blunderlist;
			productReference = 03C2DBD322DB3A8E00C357DE /* blunderlist.app */;
			productType = "com.apple.product-type.application";
		};
		03C2DBE822DB3A9000C357DE /* blunderlistTests */ = {
			isa = PBXNativeTarget;
			buildConfigurationList = 03C2DC0022DB3A9000C357DE /* Build configuration list for PBXNativeTarget "blunderlistTests" */;
			buildPhases = (
				03C2DBE522DB3A9000C357DE /* Sources */,
				03C2DBE622DB3A9000C357DE /* Frameworks */,
				03C2DBE722DB3A9000C357DE /* Resources */,
			);
			buildRules = (
			);
			dependencies = (
				03C2DBEB22DB3A9000C357DE /* PBXTargetDependency */,
			);
			name = blunderlistTests;
			productName = blunderlistTests;
			productReference = 03C2DBE922DB3A9000C357DE /* blunderlistTests.xctest */;
			productType = "com.apple.product-type.bundle.unit-test";
		};
		03C2DBF322DB3A9000C357DE /* blunderlistUITests */ = {
			isa = PBXNativeTarget;
			buildConfigurationList = 03C2DC0322DB3A9000C357DE /* Build configuration list for PBXNativeTarget "blunderlistUITests" */;
			buildPhases = (
				03C2DBF022DB3A9000C357DE /* Sources */,
				03C2DBF122DB3A9000C357DE /* Frameworks */,
				03C2DBF222DB3A9000C357DE /* Resources */,
			);
			buildRules = (
			);
			dependencies = (
				03C2DBF622DB3A9000C357DE /* PBXTargetDependency */,
			);
			name = blunderlistUITests;
			productName = blunderlistUITests;
			productReference = 03C2DBF422DB3A9000C357DE /* blunderlistUITests.xctest */;
			productType = "com.apple.product-type.bundle.ui-testing";
		};
/* End PBXNativeTarget section */

/* Begin PBXProject section */
		03C2DBCB22DB3A8E00C357DE /* Project object */ = {
			isa = PBXProject;
			attributes = {
				LastSwiftUpdateCheck = 1100;
				LastUpgradeCheck = 1100;
				ORGANIZATIONNAME = "Tomas Basham";
				TargetAttributes = {
					03C2DBD222DB3A8E00C357DE = {
						CreatedOnToolsVersion = 11.0;
					};
					03C2DBE822DB3A9000C357DE = {
						CreatedOnToolsVersion = 11.0;
						TestTargetID = 03C2DBD222DB3A8E00C357DE;
					};
					03C2DBF322DB3A9000C357DE = {
						CreatedOnToolsVersion = 11.0;
						TestTargetID = 03C2DBD222DB3A8E00C357DE;
					};
				};
			};
			buildConfigurationList = 03C2DBCE22DB3A8E00C357DE /* Build configuration list for PBXProject "blunderlist" */;
			compatibilityVersion = "Xcode 9.3";
			developmentRegion = en;
			hasScannedForEncodings = 0;
			knownRegions = (
				en,
				Base,
			);
			mainGroup = 03C2DBCA22DB3A8E00C357DE;
			productRefGroup = 03C2DBD422DB3A8E00C357DE /* Products */;
			projectDirPath = "";
			projectRoot = "";
			targets = (
				03C2DBD222DB3A8E00C357DE /* blunderlist */,
				03C2DBE822DB3A9000C357DE /* blunderlistTests */,
				03C2DBF322DB3A9000C357DE /* blunderlistUITests */,
			);
		};
/* End PBXProject section */

/* Begin PBXResourcesBuildPhase section */
		03C2DBD122DB3A8E00C357DE /* Resources */ = {
			isa = PBXResourcesBuildPhase;
			buildActionMask = 2147483647;
			files = (
				03C2DBE322DB3A9000C357DE /* LaunchScreen.storyboard in Resources */,
				03C2DBE022DB3A9000C357DE /* Preview Assets.xcassets in Resources */,
				03C2DBDD22DB3A9000C357DE /* Assets.xcassets in Resources */,
			);
			runOnlyForDeploymentPostprocessing = 0;
		};
		03C2DBE722DB3A9000C357DE /* Resources */ = {
			isa = PBXResourcesBuildPhase;
			buildActionMask = 2147483647;
			files = (
			);
			runOnlyForDeploymentPostprocessing = 0;
		};
		03C2DBF222DB3A9000C357DE /* Resources */ = {
			isa = PBXResourcesBuildPhase;
			buildActionMask = 2147483647;
			files = (
			);
			runOnlyForDeploymentPostprocessing = 0;
		};
/* End PBXResourcesBuildPhase section */

/* Begin PBXSourcesBuildPhase section */
		03C2DBCF22DB3A8E00C357DE /* Sources */ = {
			isa = PBXSourcesBuildPhase;
			buildActionMask = 2147483647;
			files = (
				03F0DF4822ECEE28005F0297 /* TaskRow.swift in Sources */,
				03F0DF4A22ECF06D005F0297 /* TaskDetail.swift in Sources */,
				035B598822ECEB7D006112EF /* Task.swift in Sources */,
				03F0DF4E22EDB406005F0297 /* Comment.swift in Sources */,
				03F0DF4C22EDA54A005F0297 /* TaskList.swift in Sources */,
				03F0DF5522EDEE05005F0297 /* Serializer.swift in Sources */,
				03C2DBD722DB3A8E00C357DE /* AppDelegate.swift in Sources */,
				03C2DBD922DB3A8E00C357DE /* SceneDelegate.swift in Sources */,
				03F0DF5322EDED9A005F0297 /* Transport.swift in Sources */,
				03C2DBDB22DB3A8E00C357DE /* ContentView.swift in Sources */,
				03F0DF5722EDEE9E005F0297 /* BlunderlistGateway.swift in Sources */,
				03F0DF5122EDED67005F0297 /* Client.swift in Sources */,
			);
			runOnlyForDeploymentPostprocessing = 0;
		};
		03C2DBE522DB3A9000C357DE /* Sources */ = {
			isa = PBXSourcesBuildPhase;
			buildActionMask = 2147483647;
			files = (
				03F0DF5922EDF454005F0297 /* tasksTests.swift in Sources */,
				03C2DBEE22DB3A9000C357DE /* blunderlistTests.swift in Sources */,
			);
			runOnlyForDeploymentPostprocessing = 0;
		};
		03C2DBF022DB3A9000C357DE /* Sources */ = {
			isa = PBXSourcesBuildPhase;
			buildActionMask = 2147483647;
			files = (
				03C2DBF922DB3A9000C357DE /* blunderlistUITests.swift in Sources */,
			);
			runOnlyForDeploymentPostprocessing = 0;
		};
/* End PBXSourcesBuildPhase section */

/* Begin PBXTargetDependency section */
		03C2DBEB22DB3A9000C357DE /* PBXTargetDependency */ = {
			isa = PBXTargetDependency;
			target = 03C2DBD222DB3A8E00C357DE /* blunderlist */;
			targetProxy = 03C2DBEA22DB3A9000C357DE /* PBXContainerItemProxy */;
		};
		03C2DBF622DB3A9000C357DE /* PBXTargetDependency */ = {
			isa = PBXTargetDependency;
			target = 03C2DBD222DB3A8E00C357DE /* blunderlist */;
			targetProxy = 03C2DBF522DB3A9000C357DE /* PBXContainerItemProxy */;
		};
/* End PBXTargetDependency section */

/* Begin PBXVariantGroup section */
		03C2DBE122DB3A9000C357DE /* LaunchScreen.storyboard */ = {
			isa = PBXVariantGroup;
			children = (
				03C2DBE222DB3A9000C357DE /* Base */,
			);
			name = LaunchScreen.storyboard;
			sourceTree = "<group>";
		};
/* End PBXVariantGroup section */

/* Begin XCBuildConfiguration section */
		03C2DBFB22DB3A9000C357DE /* Debug */ = {
			isa = XCBuildConfiguration;
			buildSettings = {
				ALWAYS_SEARCH_USER_PATHS = NO;
				CLANG_ANALYZER_NONNULL = YES;
				CLANG_ANALYZER_NUMBER_OBJECT_CONVERSION = YES_AGGRESSIVE;
				CLANG_CXX_LANGUAGE_STANDARD = "gnu++14";
				CLANG_CXX_LIBRARY = "libc++";
				CLANG_ENABLE_MODULES = YES;
				CLANG_ENABLE_OBJC_ARC = YES;
				CLANG_ENABLE_OBJC_WEAK = YES;
				CLANG_WARN_BLOCK_CAPTURE_AUTORELEASING = YES;
				CLANG_WARN_BOOL_CONVERSION = YES;
				CLANG_WARN_COMMA = YES;
				CLANG_WARN_CONSTANT_CONVERSION = YES;
				CLANG_WARN_DEPRECATED_OBJC_IMPLEMENTATIONS = YES;
				CLANG_WARN_DIRECT_OBJC_ISA_USAGE = YES_ERROR;
				CLANG_WARN_DOCUMENTATION_COMMENTS = YES;
				CLANG_WARN_EMPTY_BODY = YES;
				CLANG_WARN_ENUM_CONVERSION = YES;
				CLANG_WARN_INFINITE_RECURSION = YES;
				CLANG_WARN_INT_CONVERSION = YES;
				CLANG_WARN_NON_LITERAL_NULL_CONVERSION = YES;
				CLANG_WARN_OBJC_IMPLICIT_RETAIN_SELF = YES;
				CLANG_WARN_OBJC_LITERAL_CONVERSION = YES;
				CLANG_WARN_OBJC_ROOT_CLASS = YES_ERROR;
				CLANG_WARN_RANGE_LOOP_ANALYSIS = YES;
				CLANG_WARN_STRICT_PROTOTYPES = YES;
				CLANG_WARN_SUSPICIOUS_MOVE = YES;
				CLANG_WARN_UNGUARDED_AVAILABILITY = YES_AGGRESSIVE;
				CLANG_WARN_UNREACHABLE_CODE = YES;
				CLANG_WARN__DUPLICATE_METHOD_MATCH = YES;
				COPY_PHASE_STRIP = NO;
				DEBUG_INFORMATION_FORMAT = dwarf;
				ENABLE_STRICT_OBJC_MSGSEND = YES;
				ENABLE_TESTABILITY = YES;
				GCC_C_LANGUAGE_STANDARD = gnu11;
				GCC_DYNAMIC_NO_PIC = NO;
				GCC_NO_COMMON_BLOCKS = YES;
				GCC_OPTIMIZATION_LEVEL = 0;
				GCC_PREPROCESSOR_DEFINITIONS = (
					"DEBUG=1",
					"$(inherited)",
				);
				GCC_WARN_64_TO_32_BIT_CONVERSION = YES;
				GCC_WARN_ABOUT_RETURN_TYPE = YES_ERROR;
				GCC_WARN_UNDECLARED_SELECTOR = YES;
				GCC_WARN_UNINITIALIZED_AUTOS = YES_AGGRESSIVE;
				GCC_WARN_UNUSED_FUNCTION = YES;
				GCC_WARN_UNUSED_VARIABLE = YES;
				IPHONEOS_DEPLOYMENT_TARGET = 13.0;
				MTL_ENABLE_DEBUG_INFO = INCLUDE_SOURCE;
				MTL_FAST_MATH = YES;
				ONLY_ACTIVE_ARCH = YES;
				SDKROOT = iphoneos;
				SWIFT_ACTIVE_COMPILATION_CONDITIONS = DEBUG;
				SWIFT_OPTIMIZATION_LEVEL = "-Onone";
			};
			name = Debug;
		};
		03C2DBFC22DB3A9000C357DE /* Release */ = {
			isa = XCBuildConfiguration;
			buildSettings = {
				ALWAYS_SEARCH_USER_PATHS = NO;
				CLANG_ANALYZER_NONNULL = YES;
				CLANG_ANALYZER_NUMBER_OBJECT_CONVERSION = YES_AGGRESSIVE;
				CLANG_CXX_LANGUAGE_STANDARD = "gnu++14";
				CLANG_CXX_LIBRARY = "libc++";
				CLANG_ENABLE_MODULES = YES;
				CLANG_ENABLE_OBJC_ARC = YES;
				CLANG_ENABLE_OBJC_WEAK = YES;
				CLANG_WARN_BLOCK_CAPTURE_AUTORELEASING = YES;
				CLANG_WARN_BOOL_CONVERSION = YES;
				CLANG_WARN_COMMA = YES;
				CLANG_WARN_CONSTANT_CONVERSION = YES;
				CLANG_WARN_DEPRECATED_OBJC_IMPLEMENTATIONS = YES;
				CLANG_WARN_DIRECT_OBJC_ISA_USAGE = YES_ERROR;
				CLANG_WARN_DOCUMENTATION_COMMENTS = YES;
				CLANG_WARN_EMPTY_BODY = YES;
				CLANG_WARN_ENUM_CONVERSION = YES;
				CLANG_WARN_INFINITE_RECURSION = YES;
				CLANG_WARN_INT_CONVERSION = YES;
				CLANG_WARN_NON_LITERAL_NULL_CONVERSION = YES;
				CLANG_WARN_OBJC_IMPLICIT_RETAIN_SELF = YES;
				CLANG_WARN_OBJC_LITERAL_CONVERSION = YES;
				CLANG_WARN_OBJC_ROOT_CLASS = YES_ERROR;
				CLANG_WARN_RANGE_LOOP_ANALYSIS = YES;
				CLANG_WARN_STRICT_PROTOTYPES = YES;
				CLANG_WARN_SUSPICIOUS_MOVE = YES;
				CLANG_WARN_UNGUARDED_AVAILABILITY = YES_AGGRESSIVE;
				CLANG_WARN_UNREACHABLE_CODE = YES;
				CLANG_WARN__DUPLICATE_METHOD_MATCH = YES;
				COPY_PHASE_STRIP = NO;
				DEBUG_INFORMATION_FORMAT = "dwarf-with-dsym";
				ENABLE_NS_ASSERTIONS = NO;
				ENABLE_STRICT_OBJC_MSGSEND = YES;
				GCC_C_LANGUAGE_STANDARD = gnu11;
				GCC_NO_COMMON_BLOCKS = YES;
				GCC_WARN_64_TO_32_BIT_CONVERSION = YES;
				GCC_WARN_ABOUT_RETURN_TYPE = YES_ERROR;
				GCC_WARN_UNDECLARED_SELECTOR = YES;
				GCC_WARN_UNINITIALIZED_AUTOS = YES_AGGRESSIVE;
				GCC_WARN_UNUSED_FUNCTION = YES;
				GCC_WARN_UNUSED_VARIABLE = YES;
				IPHONEOS_DEPLOYMENT_TARGET = 13.0;
				MTL_ENABLE_DEBUG_INFO = NO;
				MTL_FAST_MATH = YES;
				SDKROOT = iphoneos;
				SWIFT_COMPILATION_MODE = wholemodule;
				SWIFT_OPTIMIZATION_LEVEL = "-O";
				VALIDATE_PRODUCT = YES;
			};
			name = Release;
		};
		03C2DBFE22DB3A9000C357DE /* Debug */ = {
			isa = XCBuildConfiguration;
			buildSettings = {
				ASSETCATALOG_COMPILER_APPICON_NAME = AppIcon;
				CODE_SIGN_STYLE = Automatic;
				DEVELOPMENT_ASSET_PATHS = "blunderlist/Preview\\ Content";
				DEVELOPMENT_TEAM = 37LX7X2USX;
				ENABLE_PREVIEWS = YES;
				INFOPLIST_FILE = blunderlist/Info.plist;
				LD_RUNPATH_SEARCH_PATHS = (
					"$(inherited)",
					"@executable_path/Frameworks",
				);
				PRODUCT_BUNDLE_IDENTIFIER = dev.tomasbasham.blunderlist;
				PRODUCT_NAME = "$(TARGET_NAME)";
				SWIFT_VERSION = 5.0;
				TARGETED_DEVICE_FAMILY = "1,2";
			};
			name = Debug;
		};
		03C2DBFF22DB3A9000C357DE /* Release */ = {
			isa = XCBuildConfiguration;
			buildSettings = {
				ASSETCATALOG_COMPILER_APPICON_NAME = AppIcon;
				CODE_SIGN_STYLE = Automatic;
				DEVELOPMENT_ASSET_PATHS = "blunderlist/Preview\\ Content";
				DEVELOPMENT_TEAM = 37LX7X2USX;
				ENABLE_PREVIEWS = YES;
				INFOPLIST_FILE = blunderlist/Info.plist;
				LD_RUNPATH_SEARCH_PATHS = (
					"$(inherited)",
					"@executable_path/Frameworks",
				);
				PRODUCT_BUNDLE_IDENTIFIER = dev.tomasbasham.blunderlist;
				PRODUCT_NAME = "$(TARGET_NAME)";
				SWIFT_VERSION = 5.0;
				TARGETED_DEVICE_FAMILY = "1,2";
			};
			name = Release;
		};
		03C2DC0122DB3A9000C357DE /* Debug */ = {
			isa = XCBuildConfiguration;
			buildSettings = {
				ALWAYS_EMBED_SWIFT_STANDARD_LIBRARIES = YES;
				BUNDLE_LOADER = "$(TEST_HOST)";
				CODE_SIGN_STYLE = Automatic;
				DEVELOPMENT_TEAM = 37LX7X2USX;
				INFOPLIST_FILE = blunderlistTests/Info.plist;
				LD_RUNPATH_SEARCH_PATHS = (
					"$(inherited)",
					"@executable_path/Frameworks",
					"@loader_path/Frameworks",
				);
				PRODUCT_BUNDLE_IDENTIFIER = dev.tomasbasham.blunderlistTests;
				PRODUCT_NAME = "$(TARGET_NAME)";
				SWIFT_VERSION = 5.0;
				TARGETED_DEVICE_FAMILY = "1,2";
				TEST_HOST = "$(BUILT_PRODUCTS_DIR)/blunderlist.app/blunderlist";
			};
			name = Debug;
		};
		03C2DC0222DB3A9000C357DE /* Release */ = {
			isa = XCBuildConfiguration;
			buildSettings = {
				ALWAYS_EMBED_SWIFT_STANDARD_LIBRARIES = YES;
				BUNDLE_LOADER = "$(TEST_HOST)";
				CODE_SIGN_STYLE = Automatic;
				DEVELOPMENT_TEAM = 37LX7X2USX;
				INFOPLIST_FILE = blunderlistTests/Info.plist;
				LD_RUNPATH_SEARCH_PATHS = (
					"$(inherited)",
					"@executable_path/Frameworks",
					"@loader_path/Frameworks",
				);
				PRODUCT_BUNDLE_IDENTIFIER = dev.tomasbasham.blunderlistTests;
				PRODUCT_NAME = "$(TARGET_NAME)";
				SWIFT_VERSION = 5.0;
				TARGETED_DEVICE_FAMILY = "1,2";
				TEST_HOST = "$(BUILT_PRODUCTS_DIR)/blunderlist.app/blunderlist";
			};
			name = Release;
		};
		03C2DC0422DB3A9000C357DE /* Debug */ = {
			isa = XCBuildConfiguration;
			buildSettings = {
				ALWAYS_EMBED_SWIFT_STANDARD_LIBRARIES = YES;
				CODE_SIGN_STYLE = Automatic;
				DEVELOPMENT_TEAM = 37LX7X2USX;
				INFOPLIST_FILE = blunderlistUITests/Info.plist;
				LD_RUNPATH_SEARCH_PATHS = (
					"$(inherited)",
					"@executable_path/Frameworks",
					"@loader_path/Frameworks",
				);
				PRODUCT_BUNDLE_IDENTIFIER = dev.tomasbasham.blunderlistUITests;
				PRODUCT_NAME = "$(TARGET_NAME)";
				SWIFT_VERSION = 5.0;
				TARGETED_DEVICE_FAMILY = "1,2";
				TEST_TARGET_NAME = blunderlist;
			};
			name = Debug;
		};
		03C2DC0522DB3A9000C357DE /* Release */ = {
			isa = XCBuildConfiguration;
			buildSettings = {
				ALWAYS_EMBED_SWIFT_STANDARD_LIBRARIES = YES;
				CODE_SIGN_STYLE = Automatic;
				DEVELOPMENT_TEAM = 37LX7X2USX;
				INFOPLIST_FILE = blunderlistUITests/Info.plist;
				LD_RUNPATH_SEARCH_PATHS = (
					"$(inherited)",
					"@executable_path/Frameworks",
					"@loader_path/Frameworks",
				);
				PRODUCT_BUNDLE_IDENTIFIER = dev.tomasbasham.blunderlistUITests;
				PRODUCT_NAME = "$(TARGET_NAME)";
				SWIFT_VERSION = 5.0;
				TARGETED_DEVICE_FAMILY = "1,2";
				TEST_TARGET_NAME = blunderlist;
			};
			name = Release;
		};
/* End XCBuildConfiguration section */

/* Begin XCConfigurationList section */
		03C2DBCE22DB3A8E00C357DE /* Build configuration list for PBXProject "blunderlist" */ = {
			isa = XCConfigurationList;
			buildConfigurations = (
				03C2DBFB22DB3A9000C357DE /* Debug */,
				03C2DBFC22DB3A9000C357DE /* Release */,
			);
			defaultConfigurationIsVisible = 0;
			defaultConfigurationName = Release;
		};
		03C2DBFD22DB3A9000C357DE /* Build configuration list for PBXNativeTarget "blunderlist" */ = {
			isa = XCConfigurationList;
			buildConfigurations = (
				03C2DBFE22DB3A9000C357DE /* Debug */,
				03C2DBFF22DB3A9000C357DE /* Release */,
			);
			defaultConfigurationIsVisible = 0;
			defaultConfigurationName = Release;
		};
		03C2DC0022DB3A9000C357DE /* Build configuration list for PBXNativeTarget "blunderlistTests" */ = {
			isa = XCConfigurationList;
			buildConfigurations = (
				03C2DC0122DB3A9000C357DE /* Debug */,
				03C2DC0222DB3A9000C357DE /* Release */,
			);
			defaultConfigurationIsVisible = 0;
			defaultConfigurationName = Release;
		};
		03C2DC0322DB3A9000C357DE /* Build configuration list for PBXNativeTarget "blunderlistUITests" */ = {
			isa = XCConfigurationList;
			buildConfigurations = (
				03C2DC0422DB3A9000C357DE /* Debug */,
				03C2DC0522DB3A9000C357DE /* Release */,
			);
			defaultConfigurationIsVisible = 0;
			defaultConfigurationName = Release;
		};
/* End XCConfigurationList section */
	};
	rootObject = 03C2DBCB22DB3A8E00C357DE /* Project object */;
}
